
Microsoft Visual Studio Solution File, Format Version 12.00
# Visual Studio Version 17
VisualStudioVersion = 17.4.33213.308
MinimumVisualStudioVersion = 10.0.40219.1
Project("{FAE04EC0-301F-11D3-BF4B-00C04F79EFBC}") = "Form1", "Form1\Form1.csproj", "{8A811163-093A-4C0A-A81F-4F2A4CCCF020}"
EndProject
Global
	GlobalSection(SolutionConfigurationPlatforms) = preSolution
		Debug|Any CPU = Debug|Any CPU
		Release|Any CPU = Release|Any CPU
	EndGlobalSection
	GlobalSection(ProjectConfigurationPlatforms) = postSolution
		{8A811163-093A-4C0A-A81F-4F2A4CCCF020}.Debug|Any CPU.ActiveCfg = Debug|Any CPU
		{8A811163-093A-4C0A-A81F-4F2A4CCCF020}.Debug|Any CPU.Build.0 = Debug|Any CPU
		{8A811163-093A-4C0A-A81F-4F2A4CCCF020}.Release|Any CPU.ActiveCfg = Release|Any CPU
		{8A811163-093A-4C0A-A81F-4F2A4CCCF020}.Release|Any CPU.Build.0 = Release|Any CPU
	EndGlobalSection
	GlobalSection(SolutionProperties) = preSolution
		HideSolutionNode = FALSE
	EndGlobalSection
	GlobalSection(ExtensibilityGlobals) = postSolution
		SolutionGuid = {E8D241AA-CF0B-417A-9658-873F3676774C}
	EndGlobalSection
EndGlobal
