
Microsoft Visual Studio Solution File, Format Version 12.00
# Visual Studio Version 17
VisualStudioVersion = 17.4.33213.308
MinimumVisualStudioVersion = 10.0.40219.1
Project("{9A19103F-16F7-4668-BE54-9A1E7A4F7556}") = "Form1", "Form1\Form1.csproj", "{8A811163-093A-4C0A-A81F-4F2A4CCCF020}"
EndProject
Project("{9A19103F-16F7-4668-BE54-9A1E7A4F7556}") = "CinemaProjectWinForm", "..\..\..\Downloads\CinemaProjectWinForm-master\CinemaProjectWinForm-master\CinemaProjectWinForm\CinemaProjectWinForm.csproj", "{6E54899A-53C9-4E58-9F7B-B61183A5E5BD}"
EndProject
Project("{9A19103F-16F7-4668-BE54-9A1E7A4F7556}") = "FormAracKiralama", "FormAracKiralama\FormAracKiralama.csproj", "{6B2ED29B-A11D-48F6-8FD7-3DD98E7A5D2F}"
EndProject
Project("{FAE04EC0-301F-11D3-BF4B-00C04F79EFBC}") = "Restaurant", "Restaurant\Restaurant.csproj", "{88627A15-64CE-43E2-8033-2EE37695CBC2}"
EndProject
Project("{FAE04EC0-301F-11D3-BF4B-00C04F79EFBC}") = "Timerr", "Timerr\Timerr.csproj", "{DF071644-AD8D-44F5-B17D-556C599CA711}"
EndProject
Global
	GlobalSection(SolutionConfigurationPlatforms) = preSolution
		Debug|Any CPU = Debug|Any CPU
		Release|Any CPU = Release|Any CPU
	EndGlobalSection
	GlobalSection(ProjectConfigurationPlatforms) = postSolution
		{8A811163-093A-4C0A-A81F-4F2A4CCCF020}.Debug|Any CPU.ActiveCfg = Debug|Any CPU
		{8A811163-093A-4C0A-A81F-4F2A4CCCF020}.Debug|Any CPU.Build.0 = Debug|Any CPU
		{8A811163-093A-4C0A-A81F-4F2A4CCCF020}.Release|Any CPU.ActiveCfg = Release|Any CPU
		{8A811163-093A-4C0A-A81F-4F2A4CCCF020}.Release|Any CPU.Build.0 = Release|Any CPU
		{6E54899A-53C9-4E58-9F7B-B61183A5E5BD}.Debug|Any CPU.ActiveCfg = Debug|Any CPU
		{6E54899A-53C9-4E58-9F7B-B61183A5E5BD}.Debug|Any CPU.Build.0 = Debug|Any CPU
		{6E54899A-53C9-4E58-9F7B-B61183A5E5BD}.Release|Any CPU.ActiveCfg = Release|Any CPU
		{6E54899A-53C9-4E58-9F7B-B61183A5E5BD}.Release|Any CPU.Build.0 = Release|Any CPU
		{6B2ED29B-A11D-48F6-8FD7-3DD98E7A5D2F}.Debug|Any CPU.ActiveCfg = Debug|Any CPU
		{6B2ED29B-A11D-48F6-8FD7-3DD98E7A5D2F}.Debug|Any CPU.Build.0 = Debug|Any CPU
		{6B2ED29B-A11D-48F6-8FD7-3DD98E7A5D2F}.Release|Any CPU.ActiveCfg = Release|Any CPU
		{6B2ED29B-A11D-48F6-8FD7-3DD98E7A5D2F}.Release|Any CPU.Build.0 = Release|Any CPU
		{88627A15-64CE-43E2-8033-2EE37695CBC2}.Debug|Any CPU.ActiveCfg = Debug|Any CPU
		{88627A15-64CE-43E2-8033-2EE37695CBC2}.Debug|Any CPU.Build.0 = Debug|Any CPU
		{88627A15-64CE-43E2-8033-2EE37695CBC2}.Release|Any CPU.ActiveCfg = Release|Any CPU
		{88627A15-64CE-43E2-8033-2EE37695CBC2}.Release|Any CPU.Build.0 = Release|Any CPU
		{DF071644-AD8D-44F5-B17D-556C599CA711}.Debug|Any CPU.ActiveCfg = Debug|Any CPU
		{DF071644-AD8D-44F5-B17D-556C599CA711}.Debug|Any CPU.Build.0 = Debug|Any CPU
		{DF071644-AD8D-44F5-B17D-556C599CA711}.Release|Any CPU.ActiveCfg = Release|Any CPU
		{DF071644-AD8D-44F5-B17D-556C599CA711}.Release|Any CPU.Build.0 = Release|Any CPU
	EndGlobalSection
	GlobalSection(SolutionProperties) = preSolution
		HideSolutionNode = FALSE
	EndGlobalSection
	GlobalSection(ExtensibilityGlobals) = postSolution
		SolutionGuid = {E8D241AA-CF0B-417A-9658-873F3676774C}
	EndGlobalSection
EndGlobal
