
Microsoft Visual Studio Solution File, Format Version 12.00
# Visual Studio Version 17
VisualStudioVersion = 17.4.33122.133
MinimumVisualStudioVersion = 10.0.40219.1
Project("{FAE04EC0-301F-11D3-BF4B-00C04F79EFBC}") = "FormSecond", "FormSecond\FormSecond.csproj", "{B94C166D-5F28-4EC9-98E2-76B03F45818E}"
EndProject
Global
	GlobalSection(SolutionConfigurationPlatforms) = preSolution
		Debug|Any CPU = Debug|Any CPU
		Release|Any CPU = Release|Any CPU
	EndGlobalSection
	GlobalSection(ProjectConfigurationPlatforms) = postSolution
		{B94C166D-5F28-4EC9-98E2-76B03F45818E}.Debug|Any CPU.ActiveCfg = Debug|Any CPU
		{B94C166D-5F28-4EC9-98E2-76B03F45818E}.Debug|Any CPU.Build.0 = Debug|Any CPU
		{B94C166D-5F28-4EC9-98E2-76B03F45818E}.Release|Any CPU.ActiveCfg = Release|Any CPU
		{B94C166D-5F28-4EC9-98E2-76B03F45818E}.Release|Any CPU.Build.0 = Release|Any CPU
	EndGlobalSection
	GlobalSection(SolutionProperties) = preSolution
		HideSolutionNode = FALSE
	EndGlobalSection
	GlobalSection(ExtensibilityGlobals) = postSolution
		SolutionGuid = {DE6501B9-82B3-4A90-AA51-759DE6B9C043}
	EndGlobalSection
EndGlobal
